
Microsoft Visual Studio Solution File, Format Version 12.00
# Visual Studio 15
VisualStudioVersion = 15.0.27004.2002
MinimumVisualStudioVersion = 10.0.40219.1
Project("{FAE04EC0-301F-11D3-BF4B-00C04F79EFBC}") = "DataFieldItemsControl", "DataFieldItemsControl\DataFieldItemsControl.csproj", "{A839ECB0-FD78-41AF-B195-3D3701827441}"
EndProject
Project("{FAE04EC0-301F-11D3-BF4B-00C04F79EFBC}") = "DataField", "DataField\DataField.csproj", "{F35FC731-BCC8-4D74-9D9B-E4E410ADA104}"
EndProject
Project("{2150E333-8FDC-42A3-9474-1A3956D46DE8}") = "KarveControls", "KarveControls", "{6256A7E8-BDC6-4EEB-A602-2FEC3490B755}"
EndProject
Project("{FAE04EC0-301F-11D3-BF4B-00C04F79EFBC}") = "Testing", "Testing\Testing.csproj", "{5EA9147F-AD55-40B2-B3CD-715E09B0CEFC}"
EndProject
Project("{FAE04EC0-301F-11D3-BF4B-00C04F79EFBC}") = "TestAppDataFieldItemsApp1", "TestAppDataFieldItemsApp1\TestAppDataFieldItemsApp1.csproj", "{A67EB32C-9E8B-4DA5-8B44-E17BFEE9B018}"
EndProject
Global
	GlobalSection(SolutionConfigurationPlatforms) = preSolution
		Debug|Any CPU = Debug|Any CPU
		Release|Any CPU = Release|Any CPU
	EndGlobalSection
	GlobalSection(ProjectConfigurationPlatforms) = postSolution
		{A839ECB0-FD78-41AF-B195-3D3701827441}.Debug|Any CPU.ActiveCfg = Debug|Any CPU
		{A839ECB0-FD78-41AF-B195-3D3701827441}.Debug|Any CPU.Build.0 = Debug|Any CPU
		{A839ECB0-FD78-41AF-B195-3D3701827441}.Release|Any CPU.ActiveCfg = Release|Any CPU
		{A839ECB0-FD78-41AF-B195-3D3701827441}.Release|Any CPU.Build.0 = Release|Any CPU
		{F35FC731-BCC8-4D74-9D9B-E4E410ADA104}.Debug|Any CPU.ActiveCfg = Debug|Any CPU
		{F35FC731-BCC8-4D74-9D9B-E4E410ADA104}.Debug|Any CPU.Build.0 = Debug|Any CPU
		{F35FC731-BCC8-4D74-9D9B-E4E410ADA104}.Release|Any CPU.ActiveCfg = Release|Any CPU
		{F35FC731-BCC8-4D74-9D9B-E4E410ADA104}.Release|Any CPU.Build.0 = Release|Any CPU
		{5EA9147F-AD55-40B2-B3CD-715E09B0CEFC}.Debug|Any CPU.ActiveCfg = Debug|Any CPU
		{5EA9147F-AD55-40B2-B3CD-715E09B0CEFC}.Debug|Any CPU.Build.0 = Debug|Any CPU
		{5EA9147F-AD55-40B2-B3CD-715E09B0CEFC}.Release|Any CPU.ActiveCfg = Release|Any CPU
		{5EA9147F-AD55-40B2-B3CD-715E09B0CEFC}.Release|Any CPU.Build.0 = Release|Any CPU
		{A67EB32C-9E8B-4DA5-8B44-E17BFEE9B018}.Debug|Any CPU.ActiveCfg = Debug|Any CPU
		{A67EB32C-9E8B-4DA5-8B44-E17BFEE9B018}.Debug|Any CPU.Build.0 = Debug|Any CPU
		{A67EB32C-9E8B-4DA5-8B44-E17BFEE9B018}.Release|Any CPU.ActiveCfg = Release|Any CPU
		{A67EB32C-9E8B-4DA5-8B44-E17BFEE9B018}.Release|Any CPU.Build.0 = Release|Any CPU
	EndGlobalSection
	GlobalSection(SolutionProperties) = preSolution
		HideSolutionNode = FALSE
	EndGlobalSection
	GlobalSection(NestedProjects) = preSolution
		{A839ECB0-FD78-41AF-B195-3D3701827441} = {6256A7E8-BDC6-4EEB-A602-2FEC3490B755}
		{F35FC731-BCC8-4D74-9D9B-E4E410ADA104} = {6256A7E8-BDC6-4EEB-A602-2FEC3490B755}
		{5EA9147F-AD55-40B2-B3CD-715E09B0CEFC} = {6256A7E8-BDC6-4EEB-A602-2FEC3490B755}
	EndGlobalSection
	GlobalSection(ExtensibilityGlobals) = postSolution
		SolutionGuid = {A5937AF8-6129-45EA-87BC-D0AA123C168A}
	EndGlobalSection
EndGlobal
